// !$*UTF8*$!
{
	archiveVersion = 1;
	classes = {
	};
	objectVersion = 46;
	objects = {

/* Begin PBXBuildFile section */
		4C58A8011A834E0F003B7A67 /* main.m in Sources */ = {isa = PBXBuildFile; fileRef = 4C58A8001A834E0F003B7A67 /* main.m */; };
		4C58A8041A834E0F003B7A67 /* AppDelegate.m in Sources */ = {isa = PBXBuildFile; fileRef = 4C58A8031A834E0F003B7A67 /* AppDelegate.m */; };
		4C58A8071A834E0F003B7A67 /* MasterViewController.m in Sources */ = {isa = PBXBuildFile; fileRef = 4C58A8061A834E0F003B7A67 /* MasterViewController.m */; };
		4C58A80A1A834E0F003B7A67 /* DetailViewController.m in Sources */ = {isa = PBXBuildFile; fileRef = 4C58A8091A834E0F003B7A67 /* DetailViewController.m */; };
		4C58A80D1A834E0F003B7A67 /* Main.storyboard in Resources */ = {isa = PBXBuildFile; fileRef = 4C58A80B1A834E0F003B7A67 /* Main.storyboard */; };
		4C58A80F1A834E10003B7A67 /* Images.xcassets in Resources */ = {isa = PBXBuildFile; fileRef = 4C58A80E1A834E10003B7A67 /* Images.xcassets */; };
		4C58A8121A834E10003B7A67 /* LaunchScreen.xib in Resources */ = {isa = PBXBuildFile; fileRef = 4C58A8101A834E10003B7A67 /* LaunchScreen.xib */; };
		4C58A81E1A834E10003B7A67 /* UIViewController_NavigationBarTests.m in Sources */ = {isa = PBXBuildFile; fileRef = 4C58A81D1A834E10003B7A67 /* UIViewController_NavigationBarTests.m */; };
/* End PBXBuildFile section */

/* Begin PBXContainerItemProxy section */
		4C58A8181A834E10003B7A67 /* PBXContainerItemProxy */ = {
			isa = PBXContainerItemProxy;
			containerPortal = 4C58A7F31A834E0D003B7A67 /* Project object */;
			proxyType = 1;
			remoteGlobalIDString = 4C58A7FA1A834E0F003B7A67;
			remoteInfo = "UIViewController+NavigationBar";
		};
/* End PBXContainerItemProxy section */

/* Begin PBXFileReference section */
		4C58A7FB1A834E0F003B7A67 /* UIViewController+NavigationBar.app */ = {isa = PBXFileReference; explicitFileType = wrapper.application; includeInIndex = 0; path = "UIViewController+NavigationBar.app"; sourceTree = BUILT_PRODUCTS_DIR; };
		4C58A7FF1A834E0F003B7A67 /* Info.plist */ = {isa = PBXFileReference; lastKnownFileType = text.plist.xml; path = Info.plist; sourceTree = "<group>"; };
		4C58A8001A834E0F003B7A67 /* main.m */ = {isa = PBXFileReference; lastKnownFileType = sourcecode.c.objc; path = main.m; sourceTree = "<group>"; };
		4C58A8021A834E0F003B7A67 /* AppDelegate.h */ = {isa = PBXFileReference; lastKnownFileType = sourcecode.c.h; path = AppDelegate.h; sourceTree = "<group>"; };
		4C58A8031A834E0F003B7A67 /* AppDelegate.m */ = {isa = PBXFileReference; lastKnownFileType = sourcecode.c.objc; path = AppDelegate.m; sourceTree = "<group>"; };
		4C58A8051A834E0F003B7A67 /* MasterViewController.h */ = {isa = PBXFileReference; lastKnownFileType = sourcecode.c.h; path = MasterViewController.h; sourceTree = "<group>"; };
		4C58A8061A834E0F003B7A67 /* MasterViewController.m */ = {isa = PBXFileReference; lastKnownFileType = sourcecode.c.objc; path = MasterViewController.m; sourceTree = "<group>"; };
		4C58A8081A834E0F003B7A67 /* DetailViewController.h */ = {isa = PBXFileReference; lastKnownFileType = sourcecode.c.h; path = DetailViewController.h; sourceTree = "<group>"; };
		4C58A8091A834E0F003B7A67 /* DetailViewController.m */ = {isa = PBXFileReference; lastKnownFileType = sourcecode.c.objc; path = DetailViewController.m; sourceTree = "<group>"; };
		4C58A80C1A834E0F003B7A67 /* Base */ = {isa = PBXFileReference; lastKnownFileType = file.storyboard; name = Base; path = Base.lproj/Main.storyboard; sourceTree = "<group>"; };
		4C58A80E1A834E10003B7A67 /* Images.xcassets */ = {isa = PBXFileReference; lastKnownFileType = folder.assetcatalog; path = Images.xcassets; sourceTree = "<group>"; };
		4C58A8111A834E10003B7A67 /* Base */ = {isa = PBXFileReference; lastKnownFileType = file.xib; name = Base; path = Base.lproj/LaunchScreen.xib; sourceTree = "<group>"; };
		4C58A8171A834E10003B7A67 /* UIViewController+NavigationBarTests.xctest */ = {isa = PBXFileReference; explicitFileType = wrapper.cfbundle; includeInIndex = 0; path = "UIViewController+NavigationBarTests.xctest"; sourceTree = BUILT_PRODUCTS_DIR; };
		4C58A81C1A834E10003B7A67 /* Info.plist */ = {isa = PBXFileReference; lastKnownFileType = text.plist.xml; path = Info.plist; sourceTree = "<group>"; };
		4C58A81D1A834E10003B7A67 /* UIViewController_NavigationBarTests.m */ = {isa = PBXFileReference; lastKnownFileType = sourcecode.c.objc; path = UIViewController_NavigationBarTests.m; sourceTree = "<group>"; };
/* End PBXFileReference section */

/* Begin PBXFrameworksBuildPhase section */
		4C58A7F81A834E0F003B7A67 /* Frameworks */ = {
			isa = PBXFrameworksBuildPhase;
			buildActionMask = 2147483647;
			files = (
			);
			runOnlyForDeploymentPostprocessing = 0;
		};
		4C58A8141A834E10003B7A67 /* Frameworks */ = {
			isa = PBXFrameworksBuildPhase;
			buildActionMask = 2147483647;
			files = (
			);
			runOnlyForDeploymentPostprocessing = 0;
		};
/* End PBXFrameworksBuildPhase section */

/* Begin PBXGroup section */
		4C58A7F21A834E0D003B7A67 = {
			isa = PBXGroup;
			children = (
				4C58A7FD1A834E0F003B7A67 /* UIViewController+NavigationBar */,
				4C58A81A1A834E10003B7A67 /* UIViewController+NavigationBarTests */,
				4C58A7FC1A834E0F003B7A67 /* Products */,
			);
			sourceTree = "<group>";
		};
		4C58A7FC1A834E0F003B7A67 /* Products */ = {
			isa = PBXGroup;
			children = (
				4C58A7FB1A834E0F003B7A67 /* UIViewController+NavigationBar.app */,
				4C58A8171A834E10003B7A67 /* UIViewController+NavigationBarTests.xctest */,
			);
			name = Products;
			sourceTree = "<group>";
		};
		4C58A7FD1A834E0F003B7A67 /* UIViewController+NavigationBar */ = {
			isa = PBXGroup;
			children = (
				4C58A8021A834E0F003B7A67 /* AppDelegate.h */,
				4C58A8031A834E0F003B7A67 /* AppDelegate.m */,
				4C58A8051A834E0F003B7A67 /* MasterViewController.h */,
				4C58A8061A834E0F003B7A67 /* MasterViewController.m */,
				4C58A8081A834E0F003B7A67 /* DetailViewController.h */,
				4C58A8091A834E0F003B7A67 /* DetailViewController.m */,
				4C58A80B1A834E0F003B7A67 /* Main.storyboard */,
				4C58A80E1A834E10003B7A67 /* Images.xcassets */,
				4C58A8101A834E10003B7A67 /* LaunchScreen.xib */,
				4C58A7FE1A834E0F003B7A67 /* Supporting Files */,
			);
			path = "UIViewController+NavigationBar";
			sourceTree = "<group>";
		};
		4C58A7FE1A834E0F003B7A67 /* Supporting Files */ = {
			isa = PBXGroup;
			children = (
				4C58A7FF1A834E0F003B7A67 /* Info.plist */,
				4C58A8001A834E0F003B7A67 /* main.m */,
			);
			name = "Supporting Files";
			sourceTree = "<group>";
		};
		4C58A81A1A834E10003B7A67 /* UIViewController+NavigationBarTests */ = {
			isa = PBXGroup;
			children = (
				4C58A81D1A834E10003B7A67 /* UIViewController_NavigationBarTests.m */,
				4C58A81B1A834E10003B7A67 /* Supporting Files */,
			);
			path = "UIViewController+NavigationBarTests";
			sourceTree = "<group>";
		};
		4C58A81B1A834E10003B7A67 /* Supporting Files */ = {
			isa = PBXGroup;
			children = (
				4C58A81C1A834E10003B7A67 /* Info.plist */,
			);
			name = "Supporting Files";
			sourceTree = "<group>";
		};
/* End PBXGroup section */

/* Begin PBXNativeTarget section */
		4C58A7FA1A834E0F003B7A67 /* UIViewController+NavigationBar */ = {
			isa = PBXNativeTarget;
			buildConfigurationList = 4C58A8211A834E11003B7A67 /* Build configuration list for PBXNativeTarget "UIViewController+NavigationBar" */;
			buildPhases = (
				4C58A7F71A834E0F003B7A67 /* Sources */,
				4C58A7F81A834E0F003B7A67 /* Frameworks */,
				4C58A7F91A834E0F003B7A67 /* Resources */,
			);
			buildRules = (
			);
			dependencies = (
			);
			name = "UIViewController+NavigationBar";
			productName = "UIViewController+NavigationBar";
			productReference = 4C58A7FB1A834E0F003B7A67 /* UIViewController+NavigationBar.app */;
			productType = "com.apple.product-type.application";
		};
		4C58A8161A834E10003B7A67 /* UIViewController+NavigationBarTests */ = {
			isa = PBXNativeTarget;
			buildConfigurationList = 4C58A8241A834E11003B7A67 /* Build configuration list for PBXNativeTarget "UIViewController+NavigationBarTests" */;
			buildPhases = (
				4C58A8131A834E10003B7A67 /* Sources */,
				4C58A8141A834E10003B7A67 /* Frameworks */,
				4C58A8151A834E10003B7A67 /* Resources */,
			);
			buildRules = (
			);
			dependencies = (
				4C58A8191A834E10003B7A67 /* PBXTargetDependency */,
			);
			name = "UIViewController+NavigationBarTests";
			productName = "UIViewController+NavigationBarTests";
			productReference = 4C58A8171A834E10003B7A67 /* UIViewController+NavigationBarTests.xctest */;
			productType = "com.apple.product-type.bundle.unit-test";
		};
/* End PBXNativeTarget section */

/* Begin PBXProject section */
		4C58A7F31A834E0D003B7A67 /* Project object */ = {
			isa = PBXProject;
			attributes = {
				LastUpgradeCheck = 0610;
				ORGANIZATIONNAME = situee;
				TargetAttributes = {
					4C58A7FA1A834E0F003B7A67 = {
						CreatedOnToolsVersion = 6.1.1;
					};
					4C58A8161A834E10003B7A67 = {
						CreatedOnToolsVersion = 6.1.1;
						TestTargetID = 4C58A7FA1A834E0F003B7A67;
					};
				};
			};
			buildConfigurationList = 4C58A7F61A834E0E003B7A67 /* Build configuration list for PBXProject "UIViewController+NavigationBar" */;
			compatibilityVersion = "Xcode 3.2";
			developmentRegion = English;
			hasScannedForEncodings = 0;
			knownRegions = (
				en,
				Base,
			);
			mainGroup = 4C58A7F21A834E0D003B7A67;
			productRefGroup = 4C58A7FC1A834E0F003B7A67 /* Products */;
			projectDirPath = "";
			projectRoot = "";
			targets = (
				4C58A7FA1A834E0F003B7A67 /* UIViewController+NavigationBar */,
				4C58A8161A834E10003B7A67 /* UIViewController+NavigationBarTests */,
			);
		};
/* End PBXProject section */

/* Begin PBXResourcesBuildPhase section */
		4C58A7F91A834E0F003B7A67 /* Resources */ = {
			isa = PBXResourcesBuildPhase;
			buildActionMask = 2147483647;
			files = (
				4C58A80D1A834E0F003B7A67 /* Main.storyboard in Resources */,
				4C58A8121A834E10003B7A67 /* LaunchScreen.xib in Resources */,
				4C58A80F1A834E10003B7A67 /* Images.xcassets in Resources */,
			);
			runOnlyForDeploymentPostprocessing = 0;
		};
		4C58A8151A834E10003B7A67 /* Resources */ = {
			isa = PBXResourcesBuildPhase;
			buildActionMask = 2147483647;
			files = (
			);
			runOnlyForDeploymentPostprocessing = 0;
		};
/* End PBXResourcesBuildPhase section */

/* Begin PBXSourcesBuildPhase section */
		4C58A7F71A834E0F003B7A67 /* Sources */ = {
			isa = PBXSourcesBuildPhase;
			buildActionMask = 2147483647;
			files = (
				4C58A8041A834E0F003B7A67 /* AppDelegate.m in Sources */,
				4C58A8071A834E0F003B7A67 /* MasterViewController.m in Sources */,
				4C58A8011A834E0F003B7A67 /* main.m in Sources */,
				4C58A80A1A834E0F003B7A67 /* DetailViewController.m in Sources */,
			);
			runOnlyForDeploymentPostprocessing = 0;
		};
		4C58A8131A834E10003B7A67 /* Sources */ = {
			isa = PBXSourcesBuildPhase;
			buildActionMask = 2147483647;
			files = (
				4C58A81E1A834E10003B7A67 /* UIViewController_NavigationBarTests.m in Sources */,
			);
			runOnlyForDeploymentPostprocessing = 0;
		};
/* End PBXSourcesBuildPhase section */

/* Begin PBXTargetDependency section */
		4C58A8191A834E10003B7A67 /* PBXTargetDependency */ = {
			isa = PBXTargetDependency;
			target = 4C58A7FA1A834E0F003B7A67 /* UIViewController+NavigationBar */;
			targetProxy = 4C58A8181A834E10003B7A67 /* PBXContainerItemProxy */;
		};
/* End PBXTargetDependency section */

/* Begin PBXVariantGroup section */
		4C58A80B1A834E0F003B7A67 /* Main.storyboard */ = {
			isa = PBXVariantGroup;
			children = (
				4C58A80C1A834E0F003B7A67 /* Base */,
			);
			name = Main.storyboard;
			sourceTree = "<group>";
		};
		4C58A8101A834E10003B7A67 /* LaunchScreen.xib */ = {
			isa = PBXVariantGroup;
			children = (
				4C58A8111A834E10003B7A67 /* Base */,
			);
			name = LaunchScreen.xib;
			sourceTree = "<group>";
		};
/* End PBXVariantGroup section */

/* Begin XCBuildConfiguration section */
		4C58A81F1A834E10003B7A67 /* Debug */ = {
			isa = XCBuildConfiguration;
			buildSettings = {
				ALWAYS_SEARCH_USER_PATHS = NO;
				CLANG_CXX_LANGUAGE_STANDARD = "gnu++0x";
				CLANG_CXX_LIBRARY = "libc++";
				CLANG_ENABLE_MODULES = YES;
				CLANG_ENABLE_OBJC_ARC = YES;
				CLANG_WARN_BOOL_CONVERSION = YES;
				CLANG_WARN_CONSTANT_CONVERSION = YES;
				CLANG_WARN_DIRECT_OBJC_ISA_USAGE = YES_ERROR;
				CLANG_WARN_EMPTY_BODY = YES;
				CLANG_WARN_ENUM_CONVERSION = YES;
				CLANG_WARN_INT_CONVERSION = YES;
				CLANG_WARN_OBJC_ROOT_CLASS = YES_ERROR;
				CLANG_WARN_UNREACHABLE_CODE = YES;
				CLANG_WARN__DUPLICATE_METHOD_MATCH = YES;
				"CODE_SIGN_IDENTITY[sdk=iphoneos*]" = "iPhone Developer";
				COPY_PHASE_STRIP = NO;
				ENABLE_STRICT_OBJC_MSGSEND = YES;
				GCC_C_LANGUAGE_STANDARD = gnu99;
				GCC_DYNAMIC_NO_PIC = NO;
				GCC_OPTIMIZATION_LEVEL = 0;
				GCC_PREPROCESSOR_DEFINITIONS = (
					"DEBUG=1",
					"$(inherited)",
				);
				GCC_SYMBOLS_PRIVATE_EXTERN = NO;
				GCC_WARN_64_TO_32_BIT_CONVERSION = YES;
				GCC_WARN_ABOUT_RETURN_TYPE = YES_ERROR;
				GCC_WARN_UNDECLARED_SELECTOR = YES;
				GCC_WARN_UNINITIALIZED_AUTOS = YES_AGGRESSIVE;
				GCC_WARN_UNUSED_FUNCTION = YES;
				GCC_WARN_UNUSED_VARIABLE = YES;
				IPHONEOS_DEPLOYMENT_TARGET = 8.1;
				MTL_ENABLE_DEBUG_INFO = YES;
				ONLY_ACTIVE_ARCH = YES;
				SDKROOT = iphoneos;
			};
			name = Debug;
		};
		4C58A8201A834E10003B7A67 /* Release */ = {
			isa = XCBuildConfiguration;
			buildSettings = {
				ALWAYS_SEARCH_USER_PATHS = NO;
				CLANG_CXX_LANGUAGE_STANDARD = "gnu++0x";
				CLANG_CXX_LIBRARY = "libc++";
				CLANG_ENABLE_MODULES = YES;
				CLANG_ENABLE_OBJC_ARC = YES;
				CLANG_WARN_BOOL_CONVERSION = YES;
				CLANG_WARN_CONSTANT_CONVERSION = YES;
				CLANG_WARN_DIRECT_OBJC_ISA_USAGE = YES_ERROR;
				CLANG_WARN_EMPTY_BODY = YES;
				CLANG_WARN_ENUM_CONVERSION = YES;
				CLANG_WARN_INT_CONVERSION = YES;
				CLANG_WARN_OBJC_ROOT_CLASS = YES_ERROR;
				CLANG_WARN_UNREACHABLE_CODE = YES;
				CLANG_WARN__DUPLICATE_METHOD_MATCH = YES;
				"CODE_SIGN_IDENTITY[sdk=iphoneos*]" = "iPhone Developer";
				COPY_PHASE_STRIP = YES;
				ENABLE_NS_ASSERTIONS = NO;
				ENABLE_STRICT_OBJC_MSGSEND = YES;
				GCC_C_LANGUAGE_STANDARD = gnu99;
				GCC_WARN_64_TO_32_BIT_CONVERSION = YES;
				GCC_WARN_ABOUT_RETURN_TYPE = YES_ERROR;
				GCC_WARN_UNDECLARED_SELECTOR = YES;
				GCC_WARN_UNINITIALIZED_AUTOS = YES_AGGRESSIVE;
				GCC_WARN_UNUSED_FUNCTION = YES;
				GCC_WARN_UNUSED_VARIABLE = YES;
				IPHONEOS_DEPLOYMENT_TARGET = 8.1;
				MTL_ENABLE_DEBUG_INFO = NO;
				SDKROOT = iphoneos;
				VALIDATE_PRODUCT = YES;
			};
			name = Release;
		};
		4C58A8221A834E11003B7A67 /* Debug */ = {
			isa = XCBuildConfiguration;
			buildSettings = {
				ASSETCATALOG_COMPILER_APPICON_NAME = AppIcon;
				INFOPLIST_FILE = "UIViewController+NavigationBar/Info.plist";
				LD_RUNPATH_SEARCH_PATHS = "$(inherited) @executable_path/Frameworks";
				PRODUCT_NAME = "$(TARGET_NAME)";
			};
			name = Debug;
		};
		4C58A8231A834E11003B7A67 /* Release */ = {
			isa = XCBuildConfiguration;
			buildSettings = {
				ASSETCATALOG_COMPILER_APPICON_NAME = AppIcon;
				INFOPLIST_FILE = "UIViewController+NavigationBar/Info.plist";
				LD_RUNPATH_SEARCH_PATHS = "$(inherited) @executable_path/Frameworks";
				PRODUCT_NAME = "$(TARGET_NAME)";
			};
			name = Release;
		};
		4C58A8251A834E11003B7A67 /* Debug */ = {
			isa = XCBuildConfiguration;
			buildSettings = {
				BUNDLE_LOADER = "$(TEST_HOST)";
				FRAMEWORK_SEARCH_PATHS = (
					"$(SDKROOT)/Developer/Library/Frameworks",
					"$(inherited)",
				);
				GCC_PREPROCESSOR_DEFINITIONS = (
					"DEBUG=1",
					"$(inherited)",
				);
				INFOPLIST_FILE = "UIViewController+NavigationBarTests/Info.plist";
				LD_RUNPATH_SEARCH_PATHS = "$(inherited) @executable_path/Frameworks @loader_path/Frameworks";
				PRODUCT_NAME = "$(TARGET_NAME)";
				TEST_HOST = "$(BUILT_PRODUCTS_DIR)/UIViewController+NavigationBar.app/UIViewController+NavigationBar";
			};
			name = Debug;
		};
		4C58A8261A834E11003B7A67 /* Release */ = {
			isa = XCBuildConfiguration;
			buildSettings = {
				BUNDLE_LOADER = "$(TEST_HOST)";
				FRAMEWORK_SEARCH_PATHS = (
					"$(SDKROOT)/Developer/Library/Frameworks",
					"$(inherited)",
				);
				INFOPLIST_FILE = "UIViewController+NavigationBarTests/Info.plist";
				LD_RUNPATH_SEARCH_PATHS = "$(inherited) @executable_path/Frameworks @loader_path/Frameworks";
				PRODUCT_NAME = "$(TARGET_NAME)";
				TEST_HOST = "$(BUILT_PRODUCTS_DIR)/UIViewController+NavigationBar.app/UIViewController+NavigationBar";
			};
			name = Release;
		};
/* End XCBuildConfiguration section */

/* Begin XCConfigurationList section */
		4C58A7F61A834E0E003B7A67 /* Build configuration list for PBXProject "UIViewController+NavigationBar" */ = {
			isa = XCConfigurationList;
			buildConfigurations = (
				4C58A81F1A834E10003B7A67 /* Debug */,
				4C58A8201A834E10003B7A67 /* Release */,
			);
			defaultConfigurationIsVisible = 0;
			defaultConfigurationName = Release;
		};
		4C58A8211A834E11003B7A67 /* Build configuration list for PBXNativeTarget "UIViewController+NavigationBar" */ = {
			isa = XCConfigurationList;
			buildConfigurations = (
				4C58A8221A834E11003B7A67 /* Debug */,
				4C58A8231A834E11003B7A67 /* Release */,
			);
			defaultConfigurationIsVisible = 0;
		};
		4C58A8241A834E11003B7A67 /* Build configuration list for PBXNativeTarget "UIViewController+NavigationBarTests" */ = {
			isa = XCConfigurationList;
			buildConfigurations = (
				4C58A8251A834E11003B7A67 /* Debug */,
				4C58A8261A834E11003B7A67 /* Release */,
			);
			defaultConfigurationIsVisible = 0;
		};
/* End XCConfigurationList section */
	};
	rootObject = 4C58A7F31A834E0D003B7A67 /* Project object */;
}
